
Microsoft Visual Studio Solution File, Format Version 12.00
# Visual Studio Version 17
VisualStudioVersion = 17.7.34221.43
MinimumVisualStudioVersion = 10.0.40219.1
Project("{888888A0-9F3D-457C-B088-3A5042F75D52}") = "PR3", "PR3.pyproj", "{F7524675-77B3-40DB-9A38-D44FBF7B8C8D}"
EndProject
Project("{888888A0-9F3D-457C-B088-3A5042F75D52}") = "PR3_2", "..\PR3_2\PR3_2.pyproj", "{3DF19201-3030-4FEB-A989-B597F1169877}"
EndProject
Project("{888888A0-9F3D-457C-B088-3A5042F75D52}") = "PR3_3", "..\PR3_3\PR3_3.pyproj", "{E873B8E3-3D79-4D23-804C-7518916B3F63}"
EndProject
Global
	GlobalSection(SolutionConfigurationPlatforms) = preSolution
		Debug|Any CPU = Debug|Any CPU
		Release|Any CPU = Release|Any CPU
	EndGlobalSection
	GlobalSection(ProjectConfigurationPlatforms) = postSolution
		{F7524675-77B3-40DB-9A38-D44FBF7B8C8D}.Debug|Any CPU.ActiveCfg = Debug|Any CPU
		{F7524675-77B3-40DB-9A38-D44FBF7B8C8D}.Release|Any CPU.ActiveCfg = Release|Any CPU
		{3DF19201-3030-4FEB-A989-B597F1169877}.Debug|Any CPU.ActiveCfg = Debug|Any CPU
		{3DF19201-3030-4FEB-A989-B597F1169877}.Release|Any CPU.ActiveCfg = Release|Any CPU
		{E873B8E3-3D79-4D23-804C-7518916B3F63}.Debug|Any CPU.ActiveCfg = Debug|Any CPU
		{E873B8E3-3D79-4D23-804C-7518916B3F63}.Release|Any CPU.ActiveCfg = Release|Any CPU
	EndGlobalSection
	GlobalSection(SolutionProperties) = preSolution
		HideSolutionNode = FALSE
	EndGlobalSection
	GlobalSection(ExtensibilityGlobals) = postSolution
		SolutionGuid = {9C061D6B-A1D4-462A-B23B-E84627C76947}
	EndGlobalSection
EndGlobal
